{
  "name": "miniprogram",
  "version": "1.0.0",
  "lockfileVersion": 1,
  "requires": true,
  "dependencies": {
    "@miniprogram-component-plus/tabs": {
      "version": "1.0.0",
      "resolved": "https://registry.npmjs.org/@miniprogram-component-plus/tabs/-/tabs-1.0.0.tgz",
      "integrity": "sha512-oV9dFpIoYAz0IbDECS9toS1GHivWoAd1cchxeZKCBV3PoPCEipHOeXQS3K2USr7EY8LDyfg3f0tDAacPfagYjg=="
    },
    "@vant/weapp": {
      "version": "1.6.6",
      "resolved": "https://registry.npmjs.org/@vant/weapp/-/weapp-1.6.6.tgz",
      "integrity": "sha512-0fBUVCuyCr3esvZXx4683dTJGHYz98d+HctJHMmTAPBYBe7XWO0CV65Fxx931LxWi4B+K++80hRagcOmZqV/7A=="
    },
    "weui-miniprogram": {
      "version": "1.0.5",
      "resolved": "https://registry.npmjs.org/weui-miniprogram/-/weui-miniprogram-1.0.5.tgz",
      "integrity": "sha512-w0dNYwZwt1lmeAsH/5xP/RNxBgXDNfiZ5bsvh2MPamNhwGmj1eRU5l3ojV7Ev0mYjCWxjmNvzcv4mfI0U2R5Tg=="
    },
    "wux-weapp": {
      "version": "3.8.6",
      "resolved": "https://registry.npmjs.org/wux-weapp/-/wux-weapp-3.8.6.tgz",
      "integrity": "sha512-xuM0na7nDjiH7e6tX4kCacmgJE7xkcnH/ViT7fyfZAZUfmwJSUh037W7B9l+15zcMxWdN/PSf436iMu+H42/eQ=="
    }
  }
}
