{
  "name": "miniprogram",
  "version": "1.0.0",
  "lockfileVersion": 1,
  "requires": true,
  "dependencies": {
    "@vant/weapp": {
      "version": "1.2.2",
      "resolved": "https://registry.npmjs.org/@vant/weapp/-/weapp-1.2.2.tgz",
      "integrity": "sha512-OehtmKN1PewwZRv0S+e9wFWSotNJRiFegOwRhcQ/y2H85Rqs1BPK2z0U+XZnOeJqGkituaqvRkSCOzmK13uTXw=="
    },
    "weui-miniprogram": {
      "version": "1.0.3",
      "resolved": "https://registry.npmjs.org/weui-miniprogram/-/weui-miniprogram-1.0.3.tgz",
      "integrity": "sha512-b29QHJDbTzGG7+2WOQGKrZeRJ7dG7x5m4Ruqe7DXBDRcPHU9oKF6wZXnyVWF9pLk8PeOWxlnIjALbZVnN4blXw=="
    }
  }
}
